
Microsoft Visual Studio Solution File, Format Version 12.00
# Visual Studio Version 17
VisualStudioVersion = 17.11.35312.102
MinimumVisualStudioVersion = 10.0.40219.1
Project("{2150E333-8FDC-42A3-9474-1A3956D46DE8}") = "FanoutExample", "FanoutExample", "{9E7C60B4-4C89-48DB-9F5C-2F1E919B9714}"
EndProject
Project("{9A19103F-16F7-4668-BE54-9A1E7A4F7556}") = "FanoutPublisher", "FanoutPublisher\FanoutPublisher.csproj", "{871CFE08-058F-4CF8-AB82-49BF8AC90A88}"
EndProject
Project("{9A19103F-16F7-4668-BE54-9A1E7A4F7556}") = "FanoutConsumer", "FanoutConsumer\FanoutConsumer.csproj", "{8B4E4377-4063-41E0-B067-4B1E9FE1E2AF}"
EndProject
Project("{2150E333-8FDC-42A3-9474-1A3956D46DE8}") = "DirectExample", "DirectExample", "{4F9C157F-5E06-4FDD-98CF-6AC82308C388}"
EndProject
Project("{9A19103F-16F7-4668-BE54-9A1E7A4F7556}") = "DirectDemo", "DirectDemo\DirectDemo.csproj", "{43C6BFE5-4132-415A-8FC0-8634AE41B94D}"
EndProject
Project("{2150E333-8FDC-42A3-9474-1A3956D46DE8}") = "TopicExample", "TopicExample", "{3F760E22-6BCE-4629-80FF-5485B54F5901}"
EndProject
Project("{9A19103F-16F7-4668-BE54-9A1E7A4F7556}") = "TopicDemo", "TopicDemo\TopicDemo.csproj", "{A97FDFCE-C640-47F9-BA72-7080E0915E96}"
EndProject
Project("{2150E333-8FDC-42A3-9474-1A3956D46DE8}") = "HeaderExample", "HeaderExample", "{7F25D19D-48B1-4726-AC1F-69AA86C29924}"
EndProject
Project("{9A19103F-16F7-4668-BE54-9A1E7A4F7556}") = "HeadersDemo", "HeadersDemo\HeadersDemo.csproj", "{ADBDECD3-BB9B-4371-BE15-8DC149A6B7F1}"
EndProject
Project("{2150E333-8FDC-42A3-9474-1A3956D46DE8}") = "DefaultExamle", "DefaultExamle", "{B801A1AA-2ED0-4AA4-87D4-AC3E4BDBDD06}"
EndProject
Project("{9A19103F-16F7-4668-BE54-9A1E7A4F7556}") = "DefaultDemo", "DefaultDemo\DefaultDemo.csproj", "{BFA7B2B3-FE7C-41F1-ABD0-9FBD0C9C053B}"
EndProject
Project("{2150E333-8FDC-42A3-9474-1A3956D46DE8}") = "ExchangeToExchangeExample", "ExchangeToExchangeExample", "{227DA771-7DAF-4E50-90BF-C201A882AF4A}"
EndProject
Project("{9A19103F-16F7-4668-BE54-9A1E7A4F7556}") = "ExToExDemo", "ExToExDemo\ExToExDemo.csproj", "{E4555D85-BE18-44A3-A11B-CABB30984F68}"
EndProject
Project("{2150E333-8FDC-42A3-9474-1A3956D46DE8}") = "Pull and Push", "Pull and Push", "{A8CD7C64-7318-4A86-B1EC-14F0645B30E8}"
EndProject
Project("{9A19103F-16F7-4668-BE54-9A1E7A4F7556}") = "PushPullDemo", "PushPullDemo\PushPullDemo.csproj", "{F6468C0C-8CBC-4FF3-B597-0F1330D902F0}"
EndProject
Project("{2150E333-8FDC-42A3-9474-1A3956D46DE8}") = "WorkerExample", "WorkerExample", "{C51D9679-2C3C-41A9-A884-651681EE2FAA}"
EndProject
Project("{9A19103F-16F7-4668-BE54-9A1E7A4F7556}") = "WorkerDemo", "WorkerDemo\WorkerDemo.csproj", "{B091BC10-63F8-43A1-BC82-6B8AC182B5D1}"
EndProject
Project("{9A19103F-16F7-4668-BE54-9A1E7A4F7556}") = "WorkQueuesDemo", "WorkQueuesDemo\WorkQueuesDemo.csproj", "{4F49890B-0FCF-4F00-8CD6-0D49319E6928}"
EndProject
Project("{2150E333-8FDC-42A3-9474-1A3956D46DE8}") = "PubSubExample", "PubSubExample", "{756B4360-A8C0-4C23-A878-5FB723D572C4}"
EndProject
Project("{9A19103F-16F7-4668-BE54-9A1E7A4F7556}") = "Publisher", "Publisher\Publisher.csproj", "{3A9AFA9B-A03D-460E-A774-825B21F15F02}"
EndProject
Project("{9A19103F-16F7-4668-BE54-9A1E7A4F7556}") = "Subscriber", "Subscriber\Subscriber.csproj", "{0784EB00-A362-4C91-A4AC-6E96724343D6}"
EndProject
Project("{2150E333-8FDC-42A3-9474-1A3956D46DE8}") = "RequestResponse", "RequestResponse", "{049E4CDE-F48E-4646-82BB-D41566BAF14B}"
EndProject
Project("{FAE04EC0-301F-11D3-BF4B-00C04F79EFBC}") = "Requestor", "Requestor\Requestor.csproj", "{3529EC8B-F64F-4F0F-9FB8-41BD5D164283}"
EndProject
Project("{FAE04EC0-301F-11D3-BF4B-00C04F79EFBC}") = "Replier", "Replier\Replier.csproj", "{F5C4F719-1A94-441F-8248-B541E8469782}"
EndProject
Project("{FAE04EC0-301F-11D3-BF4B-00C04F79EFBC}") = "ReqRes.Common", "ReqRes.Common\ReqRes.Common.csproj", "{8084FCA6-4AA8-495F-83D8-C1B6C01FF9C1}"
EndProject
Global
	GlobalSection(SolutionConfigurationPlatforms) = preSolution
		Debug|Any CPU = Debug|Any CPU
		Release|Any CPU = Release|Any CPU
	EndGlobalSection
	GlobalSection(ProjectConfigurationPlatforms) = postSolution
		{871CFE08-058F-4CF8-AB82-49BF8AC90A88}.Debug|Any CPU.ActiveCfg = Debug|Any CPU
		{871CFE08-058F-4CF8-AB82-49BF8AC90A88}.Debug|Any CPU.Build.0 = Debug|Any CPU
		{871CFE08-058F-4CF8-AB82-49BF8AC90A88}.Release|Any CPU.ActiveCfg = Release|Any CPU
		{871CFE08-058F-4CF8-AB82-49BF8AC90A88}.Release|Any CPU.Build.0 = Release|Any CPU
		{8B4E4377-4063-41E0-B067-4B1E9FE1E2AF}.Debug|Any CPU.ActiveCfg = Debug|Any CPU
		{8B4E4377-4063-41E0-B067-4B1E9FE1E2AF}.Debug|Any CPU.Build.0 = Debug|Any CPU
		{8B4E4377-4063-41E0-B067-4B1E9FE1E2AF}.Release|Any CPU.ActiveCfg = Release|Any CPU
		{8B4E4377-4063-41E0-B067-4B1E9FE1E2AF}.Release|Any CPU.Build.0 = Release|Any CPU
		{43C6BFE5-4132-415A-8FC0-8634AE41B94D}.Debug|Any CPU.ActiveCfg = Debug|Any CPU
		{43C6BFE5-4132-415A-8FC0-8634AE41B94D}.Debug|Any CPU.Build.0 = Debug|Any CPU
		{43C6BFE5-4132-415A-8FC0-8634AE41B94D}.Release|Any CPU.ActiveCfg = Release|Any CPU
		{43C6BFE5-4132-415A-8FC0-8634AE41B94D}.Release|Any CPU.Build.0 = Release|Any CPU
		{A97FDFCE-C640-47F9-BA72-7080E0915E96}.Debug|Any CPU.ActiveCfg = Debug|Any CPU
		{A97FDFCE-C640-47F9-BA72-7080E0915E96}.Debug|Any CPU.Build.0 = Debug|Any CPU
		{A97FDFCE-C640-47F9-BA72-7080E0915E96}.Release|Any CPU.ActiveCfg = Release|Any CPU
		{A97FDFCE-C640-47F9-BA72-7080E0915E96}.Release|Any CPU.Build.0 = Release|Any CPU
		{ADBDECD3-BB9B-4371-BE15-8DC149A6B7F1}.Debug|Any CPU.ActiveCfg = Debug|Any CPU
		{ADBDECD3-BB9B-4371-BE15-8DC149A6B7F1}.Debug|Any CPU.Build.0 = Debug|Any CPU
		{ADBDECD3-BB9B-4371-BE15-8DC149A6B7F1}.Release|Any CPU.ActiveCfg = Release|Any CPU
		{ADBDECD3-BB9B-4371-BE15-8DC149A6B7F1}.Release|Any CPU.Build.0 = Release|Any CPU
		{BFA7B2B3-FE7C-41F1-ABD0-9FBD0C9C053B}.Debug|Any CPU.ActiveCfg = Debug|Any CPU
		{BFA7B2B3-FE7C-41F1-ABD0-9FBD0C9C053B}.Debug|Any CPU.Build.0 = Debug|Any CPU
		{BFA7B2B3-FE7C-41F1-ABD0-9FBD0C9C053B}.Release|Any CPU.ActiveCfg = Release|Any CPU
		{BFA7B2B3-FE7C-41F1-ABD0-9FBD0C9C053B}.Release|Any CPU.Build.0 = Release|Any CPU
		{E4555D85-BE18-44A3-A11B-CABB30984F68}.Debug|Any CPU.ActiveCfg = Debug|Any CPU
		{E4555D85-BE18-44A3-A11B-CABB30984F68}.Debug|Any CPU.Build.0 = Debug|Any CPU
		{E4555D85-BE18-44A3-A11B-CABB30984F68}.Release|Any CPU.ActiveCfg = Release|Any CPU
		{E4555D85-BE18-44A3-A11B-CABB30984F68}.Release|Any CPU.Build.0 = Release|Any CPU
		{F6468C0C-8CBC-4FF3-B597-0F1330D902F0}.Debug|Any CPU.ActiveCfg = Debug|Any CPU
		{F6468C0C-8CBC-4FF3-B597-0F1330D902F0}.Debug|Any CPU.Build.0 = Debug|Any CPU
		{F6468C0C-8CBC-4FF3-B597-0F1330D902F0}.Release|Any CPU.ActiveCfg = Release|Any CPU
		{F6468C0C-8CBC-4FF3-B597-0F1330D902F0}.Release|Any CPU.Build.0 = Release|Any CPU
		{B091BC10-63F8-43A1-BC82-6B8AC182B5D1}.Debug|Any CPU.ActiveCfg = Debug|Any CPU
		{B091BC10-63F8-43A1-BC82-6B8AC182B5D1}.Debug|Any CPU.Build.0 = Debug|Any CPU
		{B091BC10-63F8-43A1-BC82-6B8AC182B5D1}.Release|Any CPU.ActiveCfg = Release|Any CPU
		{B091BC10-63F8-43A1-BC82-6B8AC182B5D1}.Release|Any CPU.Build.0 = Release|Any CPU
		{4F49890B-0FCF-4F00-8CD6-0D49319E6928}.Debug|Any CPU.ActiveCfg = Debug|Any CPU
		{4F49890B-0FCF-4F00-8CD6-0D49319E6928}.Debug|Any CPU.Build.0 = Debug|Any CPU
		{4F49890B-0FCF-4F00-8CD6-0D49319E6928}.Release|Any CPU.ActiveCfg = Release|Any CPU
		{4F49890B-0FCF-4F00-8CD6-0D49319E6928}.Release|Any CPU.Build.0 = Release|Any CPU
		{3A9AFA9B-A03D-460E-A774-825B21F15F02}.Debug|Any CPU.ActiveCfg = Debug|Any CPU
		{3A9AFA9B-A03D-460E-A774-825B21F15F02}.Debug|Any CPU.Build.0 = Debug|Any CPU
		{3A9AFA9B-A03D-460E-A774-825B21F15F02}.Release|Any CPU.ActiveCfg = Release|Any CPU
		{3A9AFA9B-A03D-460E-A774-825B21F15F02}.Release|Any CPU.Build.0 = Release|Any CPU
		{0784EB00-A362-4C91-A4AC-6E96724343D6}.Debug|Any CPU.ActiveCfg = Debug|Any CPU
		{0784EB00-A362-4C91-A4AC-6E96724343D6}.Debug|Any CPU.Build.0 = Debug|Any CPU
		{0784EB00-A362-4C91-A4AC-6E96724343D6}.Release|Any CPU.ActiveCfg = Release|Any CPU
		{0784EB00-A362-4C91-A4AC-6E96724343D6}.Release|Any CPU.Build.0 = Release|Any CPU
		{3529EC8B-F64F-4F0F-9FB8-41BD5D164283}.Debug|Any CPU.ActiveCfg = Debug|Any CPU
		{3529EC8B-F64F-4F0F-9FB8-41BD5D164283}.Debug|Any CPU.Build.0 = Debug|Any CPU
		{3529EC8B-F64F-4F0F-9FB8-41BD5D164283}.Release|Any CPU.ActiveCfg = Release|Any CPU
		{3529EC8B-F64F-4F0F-9FB8-41BD5D164283}.Release|Any CPU.Build.0 = Release|Any CPU
		{F5C4F719-1A94-441F-8248-B541E8469782}.Debug|Any CPU.ActiveCfg = Debug|Any CPU
		{F5C4F719-1A94-441F-8248-B541E8469782}.Debug|Any CPU.Build.0 = Debug|Any CPU
		{F5C4F719-1A94-441F-8248-B541E8469782}.Release|Any CPU.ActiveCfg = Release|Any CPU
		{F5C4F719-1A94-441F-8248-B541E8469782}.Release|Any CPU.Build.0 = Release|Any CPU
		{8084FCA6-4AA8-495F-83D8-C1B6C01FF9C1}.Debug|Any CPU.ActiveCfg = Debug|Any CPU
		{8084FCA6-4AA8-495F-83D8-C1B6C01FF9C1}.Debug|Any CPU.Build.0 = Debug|Any CPU
		{8084FCA6-4AA8-495F-83D8-C1B6C01FF9C1}.Release|Any CPU.ActiveCfg = Release|Any CPU
		{8084FCA6-4AA8-495F-83D8-C1B6C01FF9C1}.Release|Any CPU.Build.0 = Release|Any CPU
	EndGlobalSection
	GlobalSection(SolutionProperties) = preSolution
		HideSolutionNode = FALSE
	EndGlobalSection
	GlobalSection(NestedProjects) = preSolution
		{871CFE08-058F-4CF8-AB82-49BF8AC90A88} = {9E7C60B4-4C89-48DB-9F5C-2F1E919B9714}
		{8B4E4377-4063-41E0-B067-4B1E9FE1E2AF} = {9E7C60B4-4C89-48DB-9F5C-2F1E919B9714}
		{43C6BFE5-4132-415A-8FC0-8634AE41B94D} = {4F9C157F-5E06-4FDD-98CF-6AC82308C388}
		{A97FDFCE-C640-47F9-BA72-7080E0915E96} = {3F760E22-6BCE-4629-80FF-5485B54F5901}
		{ADBDECD3-BB9B-4371-BE15-8DC149A6B7F1} = {7F25D19D-48B1-4726-AC1F-69AA86C29924}
		{BFA7B2B3-FE7C-41F1-ABD0-9FBD0C9C053B} = {B801A1AA-2ED0-4AA4-87D4-AC3E4BDBDD06}
		{E4555D85-BE18-44A3-A11B-CABB30984F68} = {227DA771-7DAF-4E50-90BF-C201A882AF4A}
		{F6468C0C-8CBC-4FF3-B597-0F1330D902F0} = {A8CD7C64-7318-4A86-B1EC-14F0645B30E8}
		{B091BC10-63F8-43A1-BC82-6B8AC182B5D1} = {C51D9679-2C3C-41A9-A884-651681EE2FAA}
		{4F49890B-0FCF-4F00-8CD6-0D49319E6928} = {C51D9679-2C3C-41A9-A884-651681EE2FAA}
		{3A9AFA9B-A03D-460E-A774-825B21F15F02} = {756B4360-A8C0-4C23-A878-5FB723D572C4}
		{0784EB00-A362-4C91-A4AC-6E96724343D6} = {756B4360-A8C0-4C23-A878-5FB723D572C4}
		{3529EC8B-F64F-4F0F-9FB8-41BD5D164283} = {049E4CDE-F48E-4646-82BB-D41566BAF14B}
		{F5C4F719-1A94-441F-8248-B541E8469782} = {049E4CDE-F48E-4646-82BB-D41566BAF14B}
		{8084FCA6-4AA8-495F-83D8-C1B6C01FF9C1} = {049E4CDE-F48E-4646-82BB-D41566BAF14B}
	EndGlobalSection
	GlobalSection(ExtensibilityGlobals) = postSolution
		SolutionGuid = {4FC71B75-2D60-4229-88DC-3AE2FB5CDA06}
	EndGlobalSection
EndGlobal
